
Microsoft Visual Studio Solution File, Format Version 12.00
# Visual Studio Version 17
VisualStudioVersion = 17.11.35312.102
MinimumVisualStudioVersion = 10.0.40219.1
Project("{9A19103F-16F7-4668-BE54-9A1E7A4F7556}") = "ApiDemo", "ApiDemo\ApiDemo.csproj", "{6A0AD417-620B-4F0D-AAEE-547E176F701A}"
EndProject
Project("{FAE04EC0-301F-11D3-BF4B-00C04F79EFBC}") = "JwtAuthDemo", "JwtAuthDemo\JwtAuthDemo.csproj", "{5CEE0932-3224-40A1-AF4F-86C1BED953DE}"
EndProject
Global
	GlobalSection(SolutionConfigurationPlatforms) = preSolution
		Debug|Any CPU = Debug|Any CPU
		Release|Any CPU = Release|Any CPU
	EndGlobalSection
	GlobalSection(ProjectConfigurationPlatforms) = postSolution
		{6A0AD417-620B-4F0D-AAEE-547E176F701A}.Debug|Any CPU.ActiveCfg = Debug|Any CPU
		{6A0AD417-620B-4F0D-AAEE-547E176F701A}.Debug|Any CPU.Build.0 = Debug|Any CPU
		{6A0AD417-620B-4F0D-AAEE-547E176F701A}.Release|Any CPU.ActiveCfg = Release|Any CPU
		{6A0AD417-620B-4F0D-AAEE-547E176F701A}.Release|Any CPU.Build.0 = Release|Any CPU
		{5CEE0932-3224-40A1-AF4F-86C1BED953DE}.Debug|Any CPU.ActiveCfg = Debug|Any CPU
		{5CEE0932-3224-40A1-AF4F-86C1BED953DE}.Debug|Any CPU.Build.0 = Debug|Any CPU
		{5CEE0932-3224-40A1-AF4F-86C1BED953DE}.Release|Any CPU.ActiveCfg = Release|Any CPU
		{5CEE0932-3224-40A1-AF4F-86C1BED953DE}.Release|Any CPU.Build.0 = Release|Any CPU
	EndGlobalSection
	GlobalSection(SolutionProperties) = preSolution
		HideSolutionNode = FALSE
	EndGlobalSection
	GlobalSection(ExtensibilityGlobals) = postSolution
		SolutionGuid = {207B4E2A-F739-42DA-9E4B-7582CF1E2B2E}
	EndGlobalSection
EndGlobal
