
Microsoft Visual Studio Solution File, Format Version 12.00
# Visual Studio Version 17
VisualStudioVersion = 17.5.002.0
MinimumVisualStudioVersion = 10.0.40219.1
Project("{9A19103F-16F7-4668-BE54-9A1E7A4F7556}") = "Hakurei", "Hakurei.csproj", "{F5772E8A-1DDE-41B7-886B-4AE385ED44E3}"
EndProject
Global
	GlobalSection(SolutionConfigurationPlatforms) = preSolution
		Debug|Any CPU = Debug|Any CPU
		Release|Any CPU = Release|Any CPU
	EndGlobalSection
	GlobalSection(ProjectConfigurationPlatforms) = postSolution
		{F5772E8A-1DDE-41B7-886B-4AE385ED44E3}.Debug|Any CPU.ActiveCfg = Debug|Any CPU
		{F5772E8A-1DDE-41B7-886B-4AE385ED44E3}.Debug|Any CPU.Build.0 = Debug|Any CPU
		{F5772E8A-1DDE-41B7-886B-4AE385ED44E3}.Release|Any CPU.ActiveCfg = Release|Any CPU
		{F5772E8A-1DDE-41B7-886B-4AE385ED44E3}.Release|Any CPU.Build.0 = Release|Any CPU
	EndGlobalSection
	GlobalSection(SolutionProperties) = preSolution
		HideSolutionNode = FALSE
	EndGlobalSection
	GlobalSection(ExtensibilityGlobals) = postSolution
		SolutionGuid = {DE39F901-D33D-4A47-BEFB-F190B5B9F75E}
	EndGlobalSection
EndGlobal
