
Microsoft Visual Studio Solution File, Format Version 12.00
# Visual Studio Version 17
VisualStudioVersion = 17.5.002.0
MinimumVisualStudioVersion = 10.0.40219.1
Project("{9A19103F-16F7-4668-BE54-9A1E7A4F7556}") = "crt", "crt.csproj", "{943D17AC-CDDD-4716-9256-1373EEE6E26E}"
EndProject
Global
	GlobalSection(SolutionConfigurationPlatforms) = preSolution
		Debug|Any CPU = Debug|Any CPU
		Release|Any CPU = Release|Any CPU
	EndGlobalSection
	GlobalSection(ProjectConfigurationPlatforms) = postSolution
		{943D17AC-CDDD-4716-9256-1373EEE6E26E}.Debug|Any CPU.ActiveCfg = Debug|Any CPU
		{943D17AC-CDDD-4716-9256-1373EEE6E26E}.Debug|Any CPU.Build.0 = Debug|Any CPU
		{943D17AC-CDDD-4716-9256-1373EEE6E26E}.Release|Any CPU.ActiveCfg = Release|Any CPU
		{943D17AC-CDDD-4716-9256-1373EEE6E26E}.Release|Any CPU.Build.0 = Release|Any CPU
	EndGlobalSection
	GlobalSection(SolutionProperties) = preSolution
		HideSolutionNode = FALSE
	EndGlobalSection
	GlobalSection(ExtensibilityGlobals) = postSolution
		SolutionGuid = {B026DA19-3FC4-483A-87FF-FE78D349D090}
	EndGlobalSection
EndGlobal
